
Microsoft Visual Studio Solution File, Format Version 12.00
# Visual Studio Version 17
VisualStudioVersion = 17.14.36518.9
MinimumVisualStudioVersion = 10.0.40219.1
Project("{FAE04EC0-301F-11D3-BF4B-00C04F79EFBC}") = "FinTracker.API", "FinTracker.API.csproj", "{B3F5666D-38C8-46C7-935A-E56A7948B5D6}"
	ProjectSection(ProjectDependencies) = postProject
		{7487E1CE-445B-4E15-9F4D-55725984B5D7} = {7487E1CE-445B-4E15-9F4D-55725984B5D7}
		{AD7CF124-6E16-4B1A-BEAB-0E1D0F27667D} = {AD7CF124-6E16-4B1A-BEAB-0E1D0F27667D}
	EndProjectSection
EndProject
Project("{FAE04EC0-301F-11D3-BF4B-00C04F79EFBC}") = "FinTracker.Services", "..\FinTracker.Services\FinTracker.Services.csproj", "{7487E1CE-445B-4E15-9F4D-55725984B5D7}"
EndProject
Project("{FAE04EC0-301F-11D3-BF4B-00C04F79EFBC}") = "FinTracker.Repositories", "..\FinTracker.Repositories\FinTracker.Repositories.csproj", "{A06554D2-DBB9-423F-B304-03D32662C54F}"
EndProject
Project("{FAE04EC0-301F-11D3-BF4B-00C04F79EFBC}") = "FinTracker.Models", "..\FinTracker.Models\FinTracker.Models.csproj", "{AD7CF124-6E16-4B1A-BEAB-0E1D0F27667D}"
EndProject
Project("{FAE04EC0-301F-11D3-BF4B-00C04F79EFBC}") = "FinTracker.DataAccess", "..\FinTracker.DataAccess\FinTracker.DataAccess.csproj", "{FE185DAF-D0A3-4B64-B89F-ACB1998E7FC2}"
EndProject
Project("{FAE04EC0-301F-11D3-BF4B-00C04F79EFBC}") = "FinTracker.Assets", "..\FinTracker.Assets\FinTracker.Assets.csproj", "{DC52DF75-3C31-46A7-8B5A-E0CE3104B32B}"
EndProject
Project("{FAE04EC0-301F-11D3-BF4B-00C04F79EFBC}") = "FinTracker.Tests", "..\FinTracker.Tests\FinTracker.Tests.csproj", "{7C490280-19F4-4FE5-96F5-B65FA408735A}"
EndProject
Global
	GlobalSection(SolutionConfigurationPlatforms) = preSolution
		Debug|Any CPU = Debug|Any CPU
		Release|Any CPU = Release|Any CPU
	EndGlobalSection
	GlobalSection(ProjectConfigurationPlatforms) = postSolution
		{B3F5666D-38C8-46C7-935A-E56A7948B5D6}.Debug|Any CPU.ActiveCfg = Debug|Any CPU
		{B3F5666D-38C8-46C7-935A-E56A7948B5D6}.Debug|Any CPU.Build.0 = Debug|Any CPU
		{B3F5666D-38C8-46C7-935A-E56A7948B5D6}.Release|Any CPU.ActiveCfg = Release|Any CPU
		{B3F5666D-38C8-46C7-935A-E56A7948B5D6}.Release|Any CPU.Build.0 = Release|Any CPU
		{7487E1CE-445B-4E15-9F4D-55725984B5D7}.Debug|Any CPU.ActiveCfg = Debug|Any CPU
		{7487E1CE-445B-4E15-9F4D-55725984B5D7}.Debug|Any CPU.Build.0 = Debug|Any CPU
		{7487E1CE-445B-4E15-9F4D-55725984B5D7}.Release|Any CPU.ActiveCfg = Release|Any CPU
		{7487E1CE-445B-4E15-9F4D-55725984B5D7}.Release|Any CPU.Build.0 = Release|Any CPU
		{A06554D2-DBB9-423F-B304-03D32662C54F}.Debug|Any CPU.ActiveCfg = Debug|Any CPU
		{A06554D2-DBB9-423F-B304-03D32662C54F}.Debug|Any CPU.Build.0 = Debug|Any CPU
		{A06554D2-DBB9-423F-B304-03D32662C54F}.Release|Any CPU.ActiveCfg = Release|Any CPU
		{A06554D2-DBB9-423F-B304-03D32662C54F}.Release|Any CPU.Build.0 = Release|Any CPU
		{AD7CF124-6E16-4B1A-BEAB-0E1D0F27667D}.Debug|Any CPU.ActiveCfg = Debug|Any CPU
		{AD7CF124-6E16-4B1A-BEAB-0E1D0F27667D}.Debug|Any CPU.Build.0 = Debug|Any CPU
		{AD7CF124-6E16-4B1A-BEAB-0E1D0F27667D}.Release|Any CPU.ActiveCfg = Release|Any CPU
		{AD7CF124-6E16-4B1A-BEAB-0E1D0F27667D}.Release|Any CPU.Build.0 = Release|Any CPU
		{FE185DAF-D0A3-4B64-B89F-ACB1998E7FC2}.Debug|Any CPU.ActiveCfg = Debug|Any CPU
		{FE185DAF-D0A3-4B64-B89F-ACB1998E7FC2}.Debug|Any CPU.Build.0 = Debug|Any CPU
		{FE185DAF-D0A3-4B64-B89F-ACB1998E7FC2}.Release|Any CPU.ActiveCfg = Release|Any CPU
		{FE185DAF-D0A3-4B64-B89F-ACB1998E7FC2}.Release|Any CPU.Build.0 = Release|Any CPU
		{DC52DF75-3C31-46A7-8B5A-E0CE3104B32B}.Debug|Any CPU.ActiveCfg = Debug|Any CPU
		{DC52DF75-3C31-46A7-8B5A-E0CE3104B32B}.Debug|Any CPU.Build.0 = Debug|Any CPU
		{DC52DF75-3C31-46A7-8B5A-E0CE3104B32B}.Release|Any CPU.ActiveCfg = Release|Any CPU
		{DC52DF75-3C31-46A7-8B5A-E0CE3104B32B}.Release|Any CPU.Build.0 = Release|Any CPU
		{7C490280-19F4-4FE5-96F5-B65FA408735A}.Debug|Any CPU.ActiveCfg = Debug|Any CPU
		{7C490280-19F4-4FE5-96F5-B65FA408735A}.Debug|Any CPU.Build.0 = Debug|Any CPU
		{7C490280-19F4-4FE5-96F5-B65FA408735A}.Release|Any CPU.ActiveCfg = Release|Any CPU
		{7C490280-19F4-4FE5-96F5-B65FA408735A}.Release|Any CPU.Build.0 = Release|Any CPU
	EndGlobalSection
	GlobalSection(SolutionProperties) = preSolution
		HideSolutionNode = FALSE
	EndGlobalSection
	GlobalSection(ExtensibilityGlobals) = postSolution
		SolutionGuid = {82FC3C21-48EF-44EB-BE38-61C61B60DC91}
	EndGlobalSection
EndGlobal
